{
  "pins" : [
    {
      "identity" : "async-http-client",
      "kind" : "remoteSourceControl",
      "location" : "https://github.com/swift-server/async-http-client.git",
      "state" : {
        "revision" : "8fa7f082b155ea325bcf7b2dbffaf81d4eea1ae4",
        "version" : "1.5.1"
      }
    },
    {
      "identity" : "client",
      "kind" : "remoteSourceControl",
      "location" : "git@github.com:swiftkube/client.git",
      "state" : {
        "branch" : "main",
        "revision" : "5e933b4c92e01a2a0dab23166176b39e188f554e"
      }
    },
    {
      "identity" : "model",
      "kind" : "remoteSourceControl",
      "location" : "https://github.com/swiftkube/model.git",
      "state" : {
        "revision" : "9377c53f7b9378168b6d7f07179cf72165239511",
        "version" : "0.4.0"
      }
    },
    {
      "identity" : "swift-log",
      "kind" : "remoteSourceControl",
      "location" : "https://github.com/apple/swift-log.git",
      "state" : {
        "revision" : "5d66f7ba25daf4f94100e7022febf3c75e37a6c7",
        "version" : "1.4.2"
      }
    },
    {
      "identity" : "swift-metrics",
      "kind" : "remoteSourceControl",
      "location" : "https://github.com/apple/swift-metrics.git",
      "state" : {
        "revision" : "3edd2f57afc4e68e23c3e4956bc8b65ca6b5b2ff",
        "version" : "2.2.0"
      }
    },
    {
      "identity" : "swift-nio",
      "kind" : "remoteSourceControl",
      "location" : "https://github.com/apple/swift-nio.git",
      "state" : {
        "revision" : "6aa9347d9bc5bbfe6a84983aec955c17ffea96ef",
        "version" : "2.33.0"
      }
    },
    {
      "identity" : "swift-nio-extras",
      "kind" : "remoteSourceControl",
      "location" : "https://github.com/apple/swift-nio-extras.git",
      "state" : {
        "revision" : "f73ca5ee9c6806800243f1ac415fcf82de9a4c91",
        "version" : "1.10.2"
      }
    },
    {
      "identity" : "swift-nio-ssl",
      "kind" : "remoteSourceControl",
      "location" : "https://github.com/apple/swift-nio-ssl.git",
      "state" : {
        "revision" : "044f90dfa0a7015446b40f5e578b06343ae1affe",
        "version" : "2.16.0"
      }
    },
    {
      "identity" : "swift-nio-transport-services",
      "kind" : "remoteSourceControl",
      "location" : "https://github.com/apple/swift-nio-transport-services.git",
      "state" : {
        "revision" : "e7f5278a26442dc46783ba7e063643d524e414a0",
        "version" : "1.11.3"
      }
    },
    {
      "identity" : "swiftcron",
      "kind" : "remoteSourceControl",
      "location" : "git@github.com:thomashorrobin/SwiftCron.git",
      "state" : {
        "revision" : "3b843d1edb94e0d509f5bdab0e9b9b9013a7bcf2"
      }
    },
    {
      "identity" : "yams",
      "kind" : "remoteSourceControl",
      "location" : "https://github.com/jpsim/Yams.git",
      "state" : {
        "revision" : "9ff1cc9327586db4e0c8f46f064b6a82ec1566fa",
        "version" : "4.0.6"
      }
    }
  ],
  "version" : 2
}
