// !$*UTF8*$!
{
	archiveVersion = 1;
	classes = {
	};
	objectVersion = 52;
	objects = {

/* Begin PBXBuildFile section */
		495A6904267F98FF00DA2EDD /* K8sResourceDetail.swift in Sources */ = {isa = PBXBuildFile; fileRef = 495A6903267F98FF00DA2EDD /* K8sResourceDetail.swift */; };
		495A6907267FA37300DA2EDD /* CronJob.swift in Sources */ = {isa = PBXBuildFile; fileRef = 495A6906267FA37300DA2EDD /* CronJob.swift */; };
		495A690B2680C0B500DA2EDD /* MenuView.swift in Sources */ = {isa = PBXBuildFile; fileRef = 495A690A2680C0B500DA2EDD /* MenuView.swift */; };
		49782B1325E08DD700D92F4C /* KubeCmdApp.swift in Sources */ = {isa = PBXBuildFile; fileRef = 49782B1225E08DD700D92F4C /* KubeCmdApp.swift */; };
		49782B1525E08DD700D92F4C /* ContentView.swift in Sources */ = {isa = PBXBuildFile; fileRef = 49782B1425E08DD700D92F4C /* ContentView.swift */; };
		49782B1725E08DD800D92F4C /* Assets.xcassets in Resources */ = {isa = PBXBuildFile; fileRef = 49782B1625E08DD800D92F4C /* Assets.xcassets */; };
		49782B1A25E08DD800D92F4C /* Preview Assets.xcassets in Resources */ = {isa = PBXBuildFile; fileRef = 49782B1925E08DD800D92F4C /* Preview Assets.xcassets */; };
		49782B1C25E08DD800D92F4C /* Persistence.swift in Sources */ = {isa = PBXBuildFile; fileRef = 49782B1B25E08DD800D92F4C /* Persistence.swift */; };
		49782B1F25E08DD800D92F4C /* KubeCmd.xcdatamodeld in Sources */ = {isa = PBXBuildFile; fileRef = 49782B1D25E08DD800D92F4C /* KubeCmd.xcdatamodeld */; };
		49782B2B25E08DD800D92F4C /* KubeCmdTests.swift in Sources */ = {isa = PBXBuildFile; fileRef = 49782B2A25E08DD800D92F4C /* KubeCmdTests.swift */; };
		49782B3625E08DD800D92F4C /* KubeCmdUITests.swift in Sources */ = {isa = PBXBuildFile; fileRef = 49782B3525E08DD800D92F4C /* KubeCmdUITests.swift */; };
		49782B4825E094C100D92F4C /* SwiftkubeClient in Frameworks */ = {isa = PBXBuildFile; productRef = 49782B4725E094C100D92F4C /* SwiftkubeClient */; };
		49782B4E25E2F4BF00D92F4C /* KubernetesResources.swift in Sources */ = {isa = PBXBuildFile; fileRef = 49782B4C25E2F4BF00D92F4C /* KubernetesResources.swift */; };
		49782B4F25E2F4BF00D92F4C /* TopLevelK8sMenu.swift in Sources */ = {isa = PBXBuildFile; fileRef = 49782B4D25E2F4BF00D92F4C /* TopLevelK8sMenu.swift */; };
		49FBB8E3267BB8F1004C7824 /* TopLevelK8sMenuItem.swift in Sources */ = {isa = PBXBuildFile; fileRef = 49FBB8E2267BB8F1004C7824 /* TopLevelK8sMenuItem.swift */; };
		49FBB8E5267BC121004C7824 /* SecondLevelK8sItems.swift in Sources */ = {isa = PBXBuildFile; fileRef = 49FBB8E4267BC121004C7824 /* SecondLevelK8sItems.swift */; };
		49FBB8E7267CAC73004C7824 /* KubernetesAPIResourceList.swift in Sources */ = {isa = PBXBuildFile; fileRef = 49FBB8E6267CAC73004C7824 /* KubernetesAPIResourceList.swift */; };
/* End PBXBuildFile section */

/* Begin PBXContainerItemProxy section */
		49782B2725E08DD800D92F4C /* PBXContainerItemProxy */ = {
			isa = PBXContainerItemProxy;
			containerPortal = 49782B0725E08DD700D92F4C /* Project object */;
			proxyType = 1;
			remoteGlobalIDString = 49782B0E25E08DD700D92F4C;
			remoteInfo = KubeCmd;
		};
		49782B3225E08DD800D92F4C /* PBXContainerItemProxy */ = {
			isa = PBXContainerItemProxy;
			containerPortal = 49782B0725E08DD700D92F4C /* Project object */;
			proxyType = 1;
			remoteGlobalIDString = 49782B0E25E08DD700D92F4C;
			remoteInfo = KubeCmd;
		};
/* End PBXContainerItemProxy section */

/* Begin PBXFileReference section */
		495A6903267F98FF00DA2EDD /* K8sResourceDetail.swift */ = {isa = PBXFileReference; lastKnownFileType = sourcecode.swift; path = K8sResourceDetail.swift; sourceTree = "<group>"; };
		495A6906267FA37300DA2EDD /* CronJob.swift */ = {isa = PBXFileReference; lastKnownFileType = sourcecode.swift; path = CronJob.swift; sourceTree = "<group>"; };
		495A690A2680C0B500DA2EDD /* MenuView.swift */ = {isa = PBXFileReference; lastKnownFileType = sourcecode.swift; path = MenuView.swift; sourceTree = "<group>"; };
		49782B0F25E08DD700D92F4C /* KubeCmd.app */ = {isa = PBXFileReference; explicitFileType = wrapper.application; includeInIndex = 0; path = KubeCmd.app; sourceTree = BUILT_PRODUCTS_DIR; };
		49782B1225E08DD700D92F4C /* KubeCmdApp.swift */ = {isa = PBXFileReference; lastKnownFileType = sourcecode.swift; path = KubeCmdApp.swift; sourceTree = "<group>"; };
		49782B1425E08DD700D92F4C /* ContentView.swift */ = {isa = PBXFileReference; lastKnownFileType = sourcecode.swift; path = ContentView.swift; sourceTree = "<group>"; };
		49782B1625E08DD800D92F4C /* Assets.xcassets */ = {isa = PBXFileReference; lastKnownFileType = folder.assetcatalog; path = Assets.xcassets; sourceTree = "<group>"; };
		49782B1925E08DD800D92F4C /* Preview Assets.xcassets */ = {isa = PBXFileReference; lastKnownFileType = folder.assetcatalog; path = "Preview Assets.xcassets"; sourceTree = "<group>"; };
		49782B1B25E08DD800D92F4C /* Persistence.swift */ = {isa = PBXFileReference; lastKnownFileType = sourcecode.swift; path = Persistence.swift; sourceTree = "<group>"; };
		49782B1E25E08DD800D92F4C /* KubeCmd.xcdatamodel */ = {isa = PBXFileReference; lastKnownFileType = wrapper.xcdatamodel; path = KubeCmd.xcdatamodel; sourceTree = "<group>"; };
		49782B2025E08DD800D92F4C /* Info.plist */ = {isa = PBXFileReference; lastKnownFileType = text.plist.xml; path = Info.plist; sourceTree = "<group>"; };
		49782B2125E08DD800D92F4C /* KubeCmd.entitlements */ = {isa = PBXFileReference; lastKnownFileType = text.plist.entitlements; path = KubeCmd.entitlements; sourceTree = "<group>"; };
		49782B2625E08DD800D92F4C /* KubeCmdTests.xctest */ = {isa = PBXFileReference; explicitFileType = wrapper.cfbundle; includeInIndex = 0; path = KubeCmdTests.xctest; sourceTree = BUILT_PRODUCTS_DIR; };
		49782B2A25E08DD800D92F4C /* KubeCmdTests.swift */ = {isa = PBXFileReference; lastKnownFileType = sourcecode.swift; path = KubeCmdTests.swift; sourceTree = "<group>"; };
		49782B2C25E08DD800D92F4C /* Info.plist */ = {isa = PBXFileReference; lastKnownFileType = text.plist.xml; path = Info.plist; sourceTree = "<group>"; };
		49782B3125E08DD800D92F4C /* KubeCmdUITests.xctest */ = {isa = PBXFileReference; explicitFileType = wrapper.cfbundle; includeInIndex = 0; path = KubeCmdUITests.xctest; sourceTree = BUILT_PRODUCTS_DIR; };
		49782B3525E08DD800D92F4C /* KubeCmdUITests.swift */ = {isa = PBXFileReference; lastKnownFileType = sourcecode.swift; path = KubeCmdUITests.swift; sourceTree = "<group>"; };
		49782B3725E08DD800D92F4C /* Info.plist */ = {isa = PBXFileReference; lastKnownFileType = text.plist.xml; path = Info.plist; sourceTree = "<group>"; };
		49782B4C25E2F4BF00D92F4C /* KubernetesResources.swift */ = {isa = PBXFileReference; fileEncoding = 4; lastKnownFileType = sourcecode.swift; path = KubernetesResources.swift; sourceTree = "<group>"; };
		49782B4D25E2F4BF00D92F4C /* TopLevelK8sMenu.swift */ = {isa = PBXFileReference; fileEncoding = 4; lastKnownFileType = sourcecode.swift; path = TopLevelK8sMenu.swift; sourceTree = "<group>"; };
		49FBB8E2267BB8F1004C7824 /* TopLevelK8sMenuItem.swift */ = {isa = PBXFileReference; lastKnownFileType = sourcecode.swift; path = TopLevelK8sMenuItem.swift; sourceTree = "<group>"; };
		49FBB8E4267BC121004C7824 /* SecondLevelK8sItems.swift */ = {isa = PBXFileReference; lastKnownFileType = sourcecode.swift; path = SecondLevelK8sItems.swift; sourceTree = "<group>"; };
		49FBB8E6267CAC73004C7824 /* KubernetesAPIResourceList.swift */ = {isa = PBXFileReference; lastKnownFileType = sourcecode.swift; path = KubernetesAPIResourceList.swift; sourceTree = "<group>"; };
/* End PBXFileReference section */

/* Begin PBXFrameworksBuildPhase section */
		49782B0C25E08DD700D92F4C /* Frameworks */ = {
			isa = PBXFrameworksBuildPhase;
			buildActionMask = 2147483647;
			files = (
				49782B4825E094C100D92F4C /* SwiftkubeClient in Frameworks */,
			);
			runOnlyForDeploymentPostprocessing = 0;
		};
		49782B2325E08DD800D92F4C /* Frameworks */ = {
			isa = PBXFrameworksBuildPhase;
			buildActionMask = 2147483647;
			files = (
			);
			runOnlyForDeploymentPostprocessing = 0;
		};
		49782B2E25E08DD800D92F4C /* Frameworks */ = {
			isa = PBXFrameworksBuildPhase;
			buildActionMask = 2147483647;
			files = (
			);
			runOnlyForDeploymentPostprocessing = 0;
		};
/* End PBXFrameworksBuildPhase section */

/* Begin PBXGroup section */
		495A6905267FA32C00DA2EDD /* DetailViews */ = {
			isa = PBXGroup;
			children = (
				495A6906267FA37300DA2EDD /* CronJob.swift */,
			);
			path = DetailViews;
			sourceTree = "<group>";
		};
		49782B0625E08DD700D92F4C = {
			isa = PBXGroup;
			children = (
				49782B1125E08DD700D92F4C /* KubeCmd */,
				49782B2925E08DD800D92F4C /* KubeCmdTests */,
				49782B3425E08DD800D92F4C /* KubeCmdUITests */,
				49782B1025E08DD700D92F4C /* Products */,
			);
			sourceTree = "<group>";
		};
		49782B1025E08DD700D92F4C /* Products */ = {
			isa = PBXGroup;
			children = (
				49782B0F25E08DD700D92F4C /* KubeCmd.app */,
				49782B2625E08DD800D92F4C /* KubeCmdTests.xctest */,
				49782B3125E08DD800D92F4C /* KubeCmdUITests.xctest */,
			);
			name = Products;
			sourceTree = "<group>";
		};
		49782B1125E08DD700D92F4C /* KubeCmd */ = {
			isa = PBXGroup;
			children = (
				495A6905267FA32C00DA2EDD /* DetailViews */,
				49782B4D25E2F4BF00D92F4C /* TopLevelK8sMenu.swift */,
				49782B4C25E2F4BF00D92F4C /* KubernetesResources.swift */,
				49782B1225E08DD700D92F4C /* KubeCmdApp.swift */,
				49782B1425E08DD700D92F4C /* ContentView.swift */,
				49782B1625E08DD800D92F4C /* Assets.xcassets */,
				49782B1B25E08DD800D92F4C /* Persistence.swift */,
				49782B2025E08DD800D92F4C /* Info.plist */,
				49782B2125E08DD800D92F4C /* KubeCmd.entitlements */,
				49782B1D25E08DD800D92F4C /* KubeCmd.xcdatamodeld */,
				49782B1825E08DD800D92F4C /* Preview Content */,
				49FBB8E2267BB8F1004C7824 /* TopLevelK8sMenuItem.swift */,
				49FBB8E4267BC121004C7824 /* SecondLevelK8sItems.swift */,
				49FBB8E6267CAC73004C7824 /* KubernetesAPIResourceList.swift */,
				495A6903267F98FF00DA2EDD /* K8sResourceDetail.swift */,
				495A690A2680C0B500DA2EDD /* MenuView.swift */,
			);
			path = KubeCmd;
			sourceTree = "<group>";
		};
		49782B1825E08DD800D92F4C /* Preview Content */ = {
			isa = PBXGroup;
			children = (
				49782B1925E08DD800D92F4C /* Preview Assets.xcassets */,
			);
			path = "Preview Content";
			sourceTree = "<group>";
		};
		49782B2925E08DD800D92F4C /* KubeCmdTests */ = {
			isa = PBXGroup;
			children = (
				49782B2A25E08DD800D92F4C /* KubeCmdTests.swift */,
				49782B2C25E08DD800D92F4C /* Info.plist */,
			);
			path = KubeCmdTests;
			sourceTree = "<group>";
		};
		49782B3425E08DD800D92F4C /* KubeCmdUITests */ = {
			isa = PBXGroup;
			children = (
				49782B3525E08DD800D92F4C /* KubeCmdUITests.swift */,
				49782B3725E08DD800D92F4C /* Info.plist */,
			);
			path = KubeCmdUITests;
			sourceTree = "<group>";
		};
/* End PBXGroup section */

/* Begin PBXNativeTarget section */
		49782B0E25E08DD700D92F4C /* KubeCmd */ = {
			isa = PBXNativeTarget;
			buildConfigurationList = 49782B3A25E08DD800D92F4C /* Build configuration list for PBXNativeTarget "KubeCmd" */;
			buildPhases = (
				49782B0B25E08DD700D92F4C /* Sources */,
				49782B0C25E08DD700D92F4C /* Frameworks */,
				49782B0D25E08DD700D92F4C /* Resources */,
			);
			buildRules = (
			);
			dependencies = (
			);
			name = KubeCmd;
			packageProductDependencies = (
				49782B4725E094C100D92F4C /* SwiftkubeClient */,
			);
			productName = KubeCmd;
			productReference = 49782B0F25E08DD700D92F4C /* KubeCmd.app */;
			productType = "com.apple.product-type.application";
		};
		49782B2525E08DD800D92F4C /* KubeCmdTests */ = {
			isa = PBXNativeTarget;
			buildConfigurationList = 49782B3D25E08DD800D92F4C /* Build configuration list for PBXNativeTarget "KubeCmdTests" */;
			buildPhases = (
				49782B2225E08DD800D92F4C /* Sources */,
				49782B2325E08DD800D92F4C /* Frameworks */,
				49782B2425E08DD800D92F4C /* Resources */,
			);
			buildRules = (
			);
			dependencies = (
				49782B2825E08DD800D92F4C /* PBXTargetDependency */,
			);
			name = KubeCmdTests;
			productName = KubeCmdTests;
			productReference = 49782B2625E08DD800D92F4C /* KubeCmdTests.xctest */;
			productType = "com.apple.product-type.bundle.unit-test";
		};
		49782B3025E08DD800D92F4C /* KubeCmdUITests */ = {
			isa = PBXNativeTarget;
			buildConfigurationList = 49782B4025E08DD800D92F4C /* Build configuration list for PBXNativeTarget "KubeCmdUITests" */;
			buildPhases = (
				49782B2D25E08DD800D92F4C /* Sources */,
				49782B2E25E08DD800D92F4C /* Frameworks */,
				49782B2F25E08DD800D92F4C /* Resources */,
			);
			buildRules = (
			);
			dependencies = (
				49782B3325E08DD800D92F4C /* PBXTargetDependency */,
			);
			name = KubeCmdUITests;
			productName = KubeCmdUITests;
			productReference = 49782B3125E08DD800D92F4C /* KubeCmdUITests.xctest */;
			productType = "com.apple.product-type.bundle.ui-testing";
		};
/* End PBXNativeTarget section */

/* Begin PBXProject section */
		49782B0725E08DD700D92F4C /* Project object */ = {
			isa = PBXProject;
			attributes = {
				LastSwiftUpdateCheck = 1240;
				LastUpgradeCheck = 1240;
				TargetAttributes = {
					49782B0E25E08DD700D92F4C = {
						CreatedOnToolsVersion = 12.4;
					};
					49782B2525E08DD800D92F4C = {
						CreatedOnToolsVersion = 12.4;
						TestTargetID = 49782B0E25E08DD700D92F4C;
					};
					49782B3025E08DD800D92F4C = {
						CreatedOnToolsVersion = 12.4;
						TestTargetID = 49782B0E25E08DD700D92F4C;
					};
				};
			};
			buildConfigurationList = 49782B0A25E08DD700D92F4C /* Build configuration list for PBXProject "KubeCmd" */;
			compatibilityVersion = "Xcode 9.3";
			developmentRegion = en;
			hasScannedForEncodings = 0;
			knownRegions = (
				en,
				Base,
			);
			mainGroup = 49782B0625E08DD700D92F4C;
			packageReferences = (
				49782B4625E094C100D92F4C /* XCRemoteSwiftPackageReference "client" */,
			);
			productRefGroup = 49782B1025E08DD700D92F4C /* Products */;
			projectDirPath = "";
			projectRoot = "";
			targets = (
				49782B0E25E08DD700D92F4C /* KubeCmd */,
				49782B2525E08DD800D92F4C /* KubeCmdTests */,
				49782B3025E08DD800D92F4C /* KubeCmdUITests */,
			);
		};
/* End PBXProject section */

/* Begin PBXResourcesBuildPhase section */
		49782B0D25E08DD700D92F4C /* Resources */ = {
			isa = PBXResourcesBuildPhase;
			buildActionMask = 2147483647;
			files = (
				49782B1A25E08DD800D92F4C /* Preview Assets.xcassets in Resources */,
				49782B1725E08DD800D92F4C /* Assets.xcassets in Resources */,
			);
			runOnlyForDeploymentPostprocessing = 0;
		};
		49782B2425E08DD800D92F4C /* Resources */ = {
			isa = PBXResourcesBuildPhase;
			buildActionMask = 2147483647;
			files = (
			);
			runOnlyForDeploymentPostprocessing = 0;
		};
		49782B2F25E08DD800D92F4C /* Resources */ = {
			isa = PBXResourcesBuildPhase;
			buildActionMask = 2147483647;
			files = (
			);
			runOnlyForDeploymentPostprocessing = 0;
		};
/* End PBXResourcesBuildPhase section */

/* Begin PBXSourcesBuildPhase section */
		49782B0B25E08DD700D92F4C /* Sources */ = {
			isa = PBXSourcesBuildPhase;
			buildActionMask = 2147483647;
			files = (
				49FBB8E5267BC121004C7824 /* SecondLevelK8sItems.swift in Sources */,
				495A690B2680C0B500DA2EDD /* MenuView.swift in Sources */,
				495A6907267FA37300DA2EDD /* CronJob.swift in Sources */,
				49782B1C25E08DD800D92F4C /* Persistence.swift in Sources */,
				49782B4E25E2F4BF00D92F4C /* KubernetesResources.swift in Sources */,
				49FBB8E3267BB8F1004C7824 /* TopLevelK8sMenuItem.swift in Sources */,
				49782B1525E08DD700D92F4C /* ContentView.swift in Sources */,
				49782B4F25E2F4BF00D92F4C /* TopLevelK8sMenu.swift in Sources */,
				49782B1325E08DD700D92F4C /* KubeCmdApp.swift in Sources */,
				495A6904267F98FF00DA2EDD /* K8sResourceDetail.swift in Sources */,
				49FBB8E7267CAC73004C7824 /* KubernetesAPIResourceList.swift in Sources */,
				49782B1F25E08DD800D92F4C /* KubeCmd.xcdatamodeld in Sources */,
			);
			runOnlyForDeploymentPostprocessing = 0;
		};
		49782B2225E08DD800D92F4C /* Sources */ = {
			isa = PBXSourcesBuildPhase;
			buildActionMask = 2147483647;
			files = (
				49782B2B25E08DD800D92F4C /* KubeCmdTests.swift in Sources */,
			);
			runOnlyForDeploymentPostprocessing = 0;
		};
		49782B2D25E08DD800D92F4C /* Sources */ = {
			isa = PBXSourcesBuildPhase;
			buildActionMask = 2147483647;
			files = (
				49782B3625E08DD800D92F4C /* KubeCmdUITests.swift in Sources */,
			);
			runOnlyForDeploymentPostprocessing = 0;
		};
/* End PBXSourcesBuildPhase section */

/* Begin PBXTargetDependency section */
		49782B2825E08DD800D92F4C /* PBXTargetDependency */ = {
			isa = PBXTargetDependency;
			target = 49782B0E25E08DD700D92F4C /* KubeCmd */;
			targetProxy = 49782B2725E08DD800D92F4C /* PBXContainerItemProxy */;
		};
		49782B3325E08DD800D92F4C /* PBXTargetDependency */ = {
			isa = PBXTargetDependency;
			target = 49782B0E25E08DD700D92F4C /* KubeCmd */;
			targetProxy = 49782B3225E08DD800D92F4C /* PBXContainerItemProxy */;
		};
/* End PBXTargetDependency section */

/* Begin XCBuildConfiguration section */
		49782B3825E08DD800D92F4C /* Debug */ = {
			isa = XCBuildConfiguration;
			buildSettings = {
				ALWAYS_SEARCH_USER_PATHS = NO;
				CLANG_ANALYZER_NONNULL = YES;
				CLANG_ANALYZER_NUMBER_OBJECT_CONVERSION = YES_AGGRESSIVE;
				CLANG_CXX_LANGUAGE_STANDARD = "gnu++14";
				CLANG_CXX_LIBRARY = "libc++";
				CLANG_ENABLE_MODULES = YES;
				CLANG_ENABLE_OBJC_ARC = YES;
				CLANG_ENABLE_OBJC_WEAK = YES;
				CLANG_WARN_BLOCK_CAPTURE_AUTORELEASING = YES;
				CLANG_WARN_BOOL_CONVERSION = YES;
				CLANG_WARN_COMMA = YES;
				CLANG_WARN_CONSTANT_CONVERSION = YES;
				CLANG_WARN_DEPRECATED_OBJC_IMPLEMENTATIONS = YES;
				CLANG_WARN_DIRECT_OBJC_ISA_USAGE = YES_ERROR;
				CLANG_WARN_DOCUMENTATION_COMMENTS = YES;
				CLANG_WARN_EMPTY_BODY = YES;
				CLANG_WARN_ENUM_CONVERSION = YES;
				CLANG_WARN_INFINITE_RECURSION = YES;
				CLANG_WARN_INT_CONVERSION = YES;
				CLANG_WARN_NON_LITERAL_NULL_CONVERSION = YES;
				CLANG_WARN_OBJC_IMPLICIT_RETAIN_SELF = YES;
				CLANG_WARN_OBJC_LITERAL_CONVERSION = YES;
				CLANG_WARN_OBJC_ROOT_CLASS = YES_ERROR;
				CLANG_WARN_QUOTED_INCLUDE_IN_FRAMEWORK_HEADER = YES;
				CLANG_WARN_RANGE_LOOP_ANALYSIS = YES;
				CLANG_WARN_STRICT_PROTOTYPES = YES;
				CLANG_WARN_SUSPICIOUS_MOVE = YES;
				CLANG_WARN_UNGUARDED_AVAILABILITY = YES_AGGRESSIVE;
				CLANG_WARN_UNREACHABLE_CODE = YES;
				CLANG_WARN__DUPLICATE_METHOD_MATCH = YES;
				COPY_PHASE_STRIP = NO;
				DEBUG_INFORMATION_FORMAT = dwarf;
				ENABLE_STRICT_OBJC_MSGSEND = YES;
				ENABLE_TESTABILITY = YES;
				GCC_C_LANGUAGE_STANDARD = gnu11;
				GCC_DYNAMIC_NO_PIC = NO;
				GCC_NO_COMMON_BLOCKS = YES;
				GCC_OPTIMIZATION_LEVEL = 0;
				GCC_PREPROCESSOR_DEFINITIONS = (
					"DEBUG=1",
					"$(inherited)",
				);
				GCC_WARN_64_TO_32_BIT_CONVERSION = YES;
				GCC_WARN_ABOUT_RETURN_TYPE = YES_ERROR;
				GCC_WARN_UNDECLARED_SELECTOR = YES;
				GCC_WARN_UNINITIALIZED_AUTOS = YES_AGGRESSIVE;
				GCC_WARN_UNUSED_FUNCTION = YES;
				GCC_WARN_UNUSED_VARIABLE = YES;
				MACOSX_DEPLOYMENT_TARGET = 11.1;
				MTL_ENABLE_DEBUG_INFO = INCLUDE_SOURCE;
				MTL_FAST_MATH = YES;
				ONLY_ACTIVE_ARCH = YES;
				SDKROOT = macosx;
				SWIFT_ACTIVE_COMPILATION_CONDITIONS = DEBUG;
				SWIFT_OPTIMIZATION_LEVEL = "-Onone";
			};
			name = Debug;
		};
		49782B3925E08DD800D92F4C /* Release */ = {
			isa = XCBuildConfiguration;
			buildSettings = {
				ALWAYS_SEARCH_USER_PATHS = NO;
				CLANG_ANALYZER_NONNULL = YES;
				CLANG_ANALYZER_NUMBER_OBJECT_CONVERSION = YES_AGGRESSIVE;
				CLANG_CXX_LANGUAGE_STANDARD = "gnu++14";
				CLANG_CXX_LIBRARY = "libc++";
				CLANG_ENABLE_MODULES = YES;
				CLANG_ENABLE_OBJC_ARC = YES;
				CLANG_ENABLE_OBJC_WEAK = YES;
				CLANG_WARN_BLOCK_CAPTURE_AUTORELEASING = YES;
				CLANG_WARN_BOOL_CONVERSION = YES;
				CLANG_WARN_COMMA = YES;
				CLANG_WARN_CONSTANT_CONVERSION = YES;
				CLANG_WARN_DEPRECATED_OBJC_IMPLEMENTATIONS = YES;
				CLANG_WARN_DIRECT_OBJC_ISA_USAGE = YES_ERROR;
				CLANG_WARN_DOCUMENTATION_COMMENTS = YES;
				CLANG_WARN_EMPTY_BODY = YES;
				CLANG_WARN_ENUM_CONVERSION = YES;
				CLANG_WARN_INFINITE_RECURSION = YES;
				CLANG_WARN_INT_CONVERSION = YES;
				CLANG_WARN_NON_LITERAL_NULL_CONVERSION = YES;
				CLANG_WARN_OBJC_IMPLICIT_RETAIN_SELF = YES;
				CLANG_WARN_OBJC_LITERAL_CONVERSION = YES;
				CLANG_WARN_OBJC_ROOT_CLASS = YES_ERROR;
				CLANG_WARN_QUOTED_INCLUDE_IN_FRAMEWORK_HEADER = YES;
				CLANG_WARN_RANGE_LOOP_ANALYSIS = YES;
				CLANG_WARN_STRICT_PROTOTYPES = YES;
				CLANG_WARN_SUSPICIOUS_MOVE = YES;
				CLANG_WARN_UNGUARDED_AVAILABILITY = YES_AGGRESSIVE;
				CLANG_WARN_UNREACHABLE_CODE = YES;
				CLANG_WARN__DUPLICATE_METHOD_MATCH = YES;
				COPY_PHASE_STRIP = NO;
				DEBUG_INFORMATION_FORMAT = "dwarf-with-dsym";
				ENABLE_NS_ASSERTIONS = NO;
				ENABLE_STRICT_OBJC_MSGSEND = YES;
				GCC_C_LANGUAGE_STANDARD = gnu11;
				GCC_NO_COMMON_BLOCKS = YES;
				GCC_WARN_64_TO_32_BIT_CONVERSION = YES;
				GCC_WARN_ABOUT_RETURN_TYPE = YES_ERROR;
				GCC_WARN_UNDECLARED_SELECTOR = YES;
				GCC_WARN_UNINITIALIZED_AUTOS = YES_AGGRESSIVE;
				GCC_WARN_UNUSED_FUNCTION = YES;
				GCC_WARN_UNUSED_VARIABLE = YES;
				MACOSX_DEPLOYMENT_TARGET = 11.1;
				MTL_ENABLE_DEBUG_INFO = NO;
				MTL_FAST_MATH = YES;
				SDKROOT = macosx;
				SWIFT_COMPILATION_MODE = wholemodule;
				SWIFT_OPTIMIZATION_LEVEL = "-O";
			};
			name = Release;
		};
		49782B3B25E08DD800D92F4C /* Debug */ = {
			isa = XCBuildConfiguration;
			buildSettings = {
				ASSETCATALOG_COMPILER_APPICON_NAME = AppIcon;
				ASSETCATALOG_COMPILER_GLOBAL_ACCENT_COLOR_NAME = AccentColor;
				CODE_SIGN_ENTITLEMENTS = KubeCmd/KubeCmd.entitlements;
				CODE_SIGN_STYLE = Automatic;
				COMBINE_HIDPI_IMAGES = YES;
				DEVELOPMENT_ASSET_PATHS = "\"KubeCmd/Preview Content\"";
				DEVELOPMENT_TEAM = 3BZ4Q376K2;
				ENABLE_HARDENED_RUNTIME = YES;
				ENABLE_PREVIEWS = YES;
				INFOPLIST_FILE = KubeCmd/Info.plist;
				LD_RUNPATH_SEARCH_PATHS = (
					"$(inherited)",
					"@executable_path/../Frameworks",
				);
				MACOSX_DEPLOYMENT_TARGET = 11.0;
				PRODUCT_BUNDLE_IDENTIFIER = com.thomashorrobin.KubeCmd;
				PRODUCT_NAME = "$(TARGET_NAME)";
				SWIFT_VERSION = 5.0;
			};
			name = Debug;
		};
		49782B3C25E08DD800D92F4C /* Release */ = {
			isa = XCBuildConfiguration;
			buildSettings = {
				ASSETCATALOG_COMPILER_APPICON_NAME = AppIcon;
				ASSETCATALOG_COMPILER_GLOBAL_ACCENT_COLOR_NAME = AccentColor;
				CODE_SIGN_ENTITLEMENTS = KubeCmd/KubeCmd.entitlements;
				CODE_SIGN_STYLE = Automatic;
				COMBINE_HIDPI_IMAGES = YES;
				DEVELOPMENT_ASSET_PATHS = "\"KubeCmd/Preview Content\"";
				DEVELOPMENT_TEAM = 3BZ4Q376K2;
				ENABLE_HARDENED_RUNTIME = YES;
				ENABLE_PREVIEWS = YES;
				INFOPLIST_FILE = KubeCmd/Info.plist;
				LD_RUNPATH_SEARCH_PATHS = (
					"$(inherited)",
					"@executable_path/../Frameworks",
				);
				MACOSX_DEPLOYMENT_TARGET = 11.0;
				PRODUCT_BUNDLE_IDENTIFIER = com.thomashorrobin.KubeCmd;
				PRODUCT_NAME = "$(TARGET_NAME)";
				SWIFT_VERSION = 5.0;
			};
			name = Release;
		};
		49782B3E25E08DD800D92F4C /* Debug */ = {
			isa = XCBuildConfiguration;
			buildSettings = {
				ALWAYS_EMBED_SWIFT_STANDARD_LIBRARIES = YES;
				BUNDLE_LOADER = "$(TEST_HOST)";
				CODE_SIGN_STYLE = Automatic;
				COMBINE_HIDPI_IMAGES = YES;
				DEVELOPMENT_TEAM = 3BZ4Q376K2;
				INFOPLIST_FILE = KubeCmdTests/Info.plist;
				LD_RUNPATH_SEARCH_PATHS = (
					"$(inherited)",
					"@executable_path/../Frameworks",
					"@loader_path/../Frameworks",
				);
				MACOSX_DEPLOYMENT_TARGET = 11.0;
				PRODUCT_BUNDLE_IDENTIFIER = com.thomashorrobin.KubeCmdTests;
				PRODUCT_NAME = "$(TARGET_NAME)";
				SWIFT_VERSION = 5.0;
				TEST_HOST = "$(BUILT_PRODUCTS_DIR)/KubeCmd.app/Contents/MacOS/KubeCmd";
			};
			name = Debug;
		};
		49782B3F25E08DD800D92F4C /* Release */ = {
			isa = XCBuildConfiguration;
			buildSettings = {
				ALWAYS_EMBED_SWIFT_STANDARD_LIBRARIES = YES;
				BUNDLE_LOADER = "$(TEST_HOST)";
				CODE_SIGN_STYLE = Automatic;
				COMBINE_HIDPI_IMAGES = YES;
				DEVELOPMENT_TEAM = 3BZ4Q376K2;
				INFOPLIST_FILE = KubeCmdTests/Info.plist;
				LD_RUNPATH_SEARCH_PATHS = (
					"$(inherited)",
					"@executable_path/../Frameworks",
					"@loader_path/../Frameworks",
				);
				MACOSX_DEPLOYMENT_TARGET = 11.0;
				PRODUCT_BUNDLE_IDENTIFIER = com.thomashorrobin.KubeCmdTests;
				PRODUCT_NAME = "$(TARGET_NAME)";
				SWIFT_VERSION = 5.0;
				TEST_HOST = "$(BUILT_PRODUCTS_DIR)/KubeCmd.app/Contents/MacOS/KubeCmd";
			};
			name = Release;
		};
		49782B4125E08DD800D92F4C /* Debug */ = {
			isa = XCBuildConfiguration;
			buildSettings = {
				ALWAYS_EMBED_SWIFT_STANDARD_LIBRARIES = YES;
				CODE_SIGN_STYLE = Automatic;
				COMBINE_HIDPI_IMAGES = YES;
				DEVELOPMENT_TEAM = 3BZ4Q376K2;
				INFOPLIST_FILE = KubeCmdUITests/Info.plist;
				LD_RUNPATH_SEARCH_PATHS = (
					"$(inherited)",
					"@executable_path/../Frameworks",
					"@loader_path/../Frameworks",
				);
				PRODUCT_BUNDLE_IDENTIFIER = com.thomashorrobin.KubeCmdUITests;
				PRODUCT_NAME = "$(TARGET_NAME)";
				SWIFT_VERSION = 5.0;
				TEST_TARGET_NAME = KubeCmd;
			};
			name = Debug;
		};
		49782B4225E08DD800D92F4C /* Release */ = {
			isa = XCBuildConfiguration;
			buildSettings = {
				ALWAYS_EMBED_SWIFT_STANDARD_LIBRARIES = YES;
				CODE_SIGN_STYLE = Automatic;
				COMBINE_HIDPI_IMAGES = YES;
				DEVELOPMENT_TEAM = 3BZ4Q376K2;
				INFOPLIST_FILE = KubeCmdUITests/Info.plist;
				LD_RUNPATH_SEARCH_PATHS = (
					"$(inherited)",
					"@executable_path/../Frameworks",
					"@loader_path/../Frameworks",
				);
				PRODUCT_BUNDLE_IDENTIFIER = com.thomashorrobin.KubeCmdUITests;
				PRODUCT_NAME = "$(TARGET_NAME)";
				SWIFT_VERSION = 5.0;
				TEST_TARGET_NAME = KubeCmd;
			};
			name = Release;
		};
/* End XCBuildConfiguration section */

/* Begin XCConfigurationList section */
		49782B0A25E08DD700D92F4C /* Build configuration list for PBXProject "KubeCmd" */ = {
			isa = XCConfigurationList;
			buildConfigurations = (
				49782B3825E08DD800D92F4C /* Debug */,
				49782B3925E08DD800D92F4C /* Release */,
			);
			defaultConfigurationIsVisible = 0;
			defaultConfigurationName = Release;
		};
		49782B3A25E08DD800D92F4C /* Build configuration list for PBXNativeTarget "KubeCmd" */ = {
			isa = XCConfigurationList;
			buildConfigurations = (
				49782B3B25E08DD800D92F4C /* Debug */,
				49782B3C25E08DD800D92F4C /* Release */,
			);
			defaultConfigurationIsVisible = 0;
			defaultConfigurationName = Release;
		};
		49782B3D25E08DD800D92F4C /* Build configuration list for PBXNativeTarget "KubeCmdTests" */ = {
			isa = XCConfigurationList;
			buildConfigurations = (
				49782B3E25E08DD800D92F4C /* Debug */,
				49782B3F25E08DD800D92F4C /* Release */,
			);
			defaultConfigurationIsVisible = 0;
			defaultConfigurationName = Release;
		};
		49782B4025E08DD800D92F4C /* Build configuration list for PBXNativeTarget "KubeCmdUITests" */ = {
			isa = XCConfigurationList;
			buildConfigurations = (
				49782B4125E08DD800D92F4C /* Debug */,
				49782B4225E08DD800D92F4C /* Release */,
			);
			defaultConfigurationIsVisible = 0;
			defaultConfigurationName = Release;
		};
/* End XCConfigurationList section */

/* Begin XCRemoteSwiftPackageReference section */
		49782B4625E094C100D92F4C /* XCRemoteSwiftPackageReference "client" */ = {
			isa = XCRemoteSwiftPackageReference;
			repositoryURL = "git@github.com:swiftkube/client.git";
			requirement = {
				branch = main;
				kind = branch;
			};
		};
/* End XCRemoteSwiftPackageReference section */

/* Begin XCSwiftPackageProductDependency section */
		49782B4725E094C100D92F4C /* SwiftkubeClient */ = {
			isa = XCSwiftPackageProductDependency;
			package = 49782B4625E094C100D92F4C /* XCRemoteSwiftPackageReference "client" */;
			productName = SwiftkubeClient;
		};
/* End XCSwiftPackageProductDependency section */

/* Begin XCVersionGroup section */
		49782B1D25E08DD800D92F4C /* KubeCmd.xcdatamodeld */ = {
			isa = XCVersionGroup;
			children = (
				49782B1E25E08DD800D92F4C /* KubeCmd.xcdatamodel */,
			);
			currentVersion = 49782B1E25E08DD800D92F4C /* KubeCmd.xcdatamodel */;
			path = KubeCmd.xcdatamodeld;
			sourceTree = "<group>";
			versionGroupType = wrapper.xcdatamodel;
		};
/* End XCVersionGroup section */
	};
	rootObject = 49782B0725E08DD700D92F4C /* Project object */;
}
